
Microsoft Visual Studio Solution File, Format Version 12.00
# Visual Studio Version 16
VisualStudioVersion = 16.0.32510.428
MinimumVisualStudioVersion = 10.0.40219.1
Project("{9A19103F-16F7-4668-BE54-9A1E7A4F7556}") = "1. Recursive Array Sum", "1. Recursive Array Sum\1. Recursive Array Sum.csproj", "{7A1AB35F-FA4E-42FA-8868-706BA595C0A3}"
EndProject
Project("{9A19103F-16F7-4668-BE54-9A1E7A4F7556}") = "2. Recursive Drawing", "2. Recursive Drawing\2. Recursive Drawing.csproj", "{6A8FDD24-0DFF-441E-8E84-4D2FBFAF08CA}"
EndProject
Project("{9A19103F-16F7-4668-BE54-9A1E7A4F7556}") = "3. Generating bit Vectors", "3. Generating bit Vectors\3. Generating bit Vectors.csproj", "{25C49E39-0522-4B95-A765-1FE3A92ACB97}"
EndProject
Project("{9A19103F-16F7-4668-BE54-9A1E7A4F7556}") = "4. Recursive Factorial", "4. Recursive Factorial\4. Recursive Factorial.csproj", "{37A3A646-CCCD-4610-B788-2657CCCA17ED}"
EndProject
Project("{9A19103F-16F7-4668-BE54-9A1E7A4F7556}") = "5. Find All Paths in a Labyrinth", "5. Find All Paths in a Labyrinth\5. Find All Paths in a Labyrinth.csproj", "{F6CE06D1-E5EF-422D-818B-F75DF1349E4D}"
EndProject
Project("{9A19103F-16F7-4668-BE54-9A1E7A4F7556}") = "6.  Queens Puzzle", "6.  Queens Puzzle\6.  Queens Puzzle.csproj", "{BDBB3337-9678-47E0-B690-6E5C3E0D33DD}"
EndProject
Project("{9A19103F-16F7-4668-BE54-9A1E7A4F7556}") = "7. Recursive Fibonacci", "7. Recursive Fibonacci\7. Recursive Fibonacci.csproj", "{71C767CE-DEA9-43C1-8107-FD6428F3827B}"
EndProject
Project("{2150E333-8FDC-42A3-9474-1A3956D46DE8}") = "Recursion-and-Backtracking-Lab", "Recursion-and-Backtracking-Lab", "{B0875DA4-AB6D-4BF6-B8A6-6D0C821CE458}"
EndProject
Project("{2150E333-8FDC-42A3-9474-1A3956D46DE8}") = "Recursion-and-Combinatorial-Problems-Exercise", "Recursion-and-Combinatorial-Problems-Exercise", "{122F1FD9-BB77-4256-A832-915C86CFEA09}"
EndProject
Project("{9A19103F-16F7-4668-BE54-9A1E7A4F7556}") = "1. Reverse Array", "1. Reverse Array\1. Reverse Array.csproj", "{B909645B-F13C-4367-8AD0-3D132758A9EB}"
EndProject
Project("{9A19103F-16F7-4668-BE54-9A1E7A4F7556}") = "2. Nested Loops To Recursion", "2. Nested Loops To Recursion\2. Nested Loops To Recursion.csproj", "{38E85A4D-7958-4159-9826-F2A9C1800809}"
EndProject
Project("{9A19103F-16F7-4668-BE54-9A1E7A4F7556}") = "3. Connected Areas in a Matrix", "3. Connected Areas in a Matrix\3. Connected Areas in a Matrix.csproj", "{6D43716F-1733-491C-8537-2E07F9AF3E64}"
EndProject
Project("{9A19103F-16F7-4668-BE54-9A1E7A4F7556}") = "4. Cinema", "4. Cinema\4. Cinema.csproj", "{FA66889C-4598-49E8-8005-99505EE1DB5E}"
EndProject
Project("{9A19103F-16F7-4668-BE54-9A1E7A4F7556}") = "PermotationTest", "PermotationTest\PermotationTest.csproj", "{DE68C01F-979C-4695-BD9D-A3BA6E5BBE91}"
EndProject
Project("{9A19103F-16F7-4668-BE54-9A1E7A4F7556}") = "5. School Teams", "5. School Teams\5. School Teams.csproj", "{251539E2-DC0E-4F4C-B504-A82DC381CC17}"
EndProject
Project("{9A19103F-16F7-4668-BE54-9A1E7A4F7556}") = "6. Word Cruncher", "6. Word Cruncher\6. Word Cruncher.csproj", "{1DBDA00A-EEC9-44BF-BCD1-E9267E58BE1F}"
EndProject
Project("{2150E333-8FDC-42A3-9474-1A3956D46DE8}") = "Searching, Sorting and Greedy Algorithms", "Searching, Sorting and Greedy Algorithms", "{3EE5C9C6-A5E0-4556-8BCB-C2CACB3EE063}"
EndProject
Project("{9A19103F-16F7-4668-BE54-9A1E7A4F7556}") = "1. Binary Search", "1. Binary Search\1. Binary Search.csproj", "{25012DB1-8960-47E4-A6B4-6F9708A50641}"
EndProject
Project("{9A19103F-16F7-4668-BE54-9A1E7A4F7556}") = "Linear Search", "Linear Search\Linear Search.csproj", "{98F117C9-D208-4409-9C1B-A394C28BCBCB}"
EndProject
Project("{FAE04EC0-301F-11D3-BF4B-00C04F79EFBC}") = "2. Selection Sort", "2. Selection Sort\2. Selection Sort.csproj", "{F2A62BA7-66D2-4E55-9A87-8B2E5C12E53C}"
EndProject
Project("{FAE04EC0-301F-11D3-BF4B-00C04F79EFBC}") = "3. Bubble Sort", "3. Bubble Sort\3. Bubble Sort.csproj", "{D2088409-1A1C-4C0E-A3E6-546DE89FB398}"
EndProject
Project("{FAE04EC0-301F-11D3-BF4B-00C04F79EFBC}") = "4. Insertion Sort", "4. Insertion Sort\4. Insertion Sort.csproj", "{4E56796A-8585-4520-B662-463442D81A56}"
EndProject
Project("{FAE04EC0-301F-11D3-BF4B-00C04F79EFBC}") = "5. Quicksort", "5. Quicksort\5. Quicksort.csproj", "{0E1B93B0-E44B-46B0-866A-AC59B1AEB0ED}"
EndProject
Project("{FAE04EC0-301F-11D3-BF4B-00C04F79EFBC}") = "6. Merge Sort by creating new arrays", "6. Merge Sort by creating new arrays\6. Merge Sort by creating new arrays.csproj", "{C70B6557-8756-46BD-BEBB-D72809465398}"
EndProject
Project("{9A19103F-16F7-4668-BE54-9A1E7A4F7556}") = "6. Merge Sort by swapping elements", "6. Merge Sort by swapping elements\6. Merge Sort by swapping elements.csproj", "{4A1BB8DC-65DA-4862-BD4E-CD9A90A6884B}"
EndProject
Project("{FAE04EC0-301F-11D3-BF4B-00C04F79EFBC}") = "7. Sum of Coins", "7. Sum of Coins\7. Sum of Coins.csproj", "{E68A4B71-9B0B-4663-A918-1E7262C9E86E}"
EndProject
Project("{FAE04EC0-301F-11D3-BF4B-00C04F79EFBC}") = "8. Set Cover", "8. Set Cover\8. Set Cover.csproj", "{9C55FF4E-2C79-41EA-A8BF-659702F04C53}"
EndProject
Project("{2150E333-8FDC-42A3-9474-1A3956D46DE8}") = "Graph Theory Traversal and Shortest Paths", "Graph Theory Traversal and Shortest Paths", "{14553551-1085-4A02-8421-F54F01E9D143}"
EndProject
Project("{FAE04EC0-301F-11D3-BF4B-00C04F79EFBC}") = "1. Distance Between Vertices", "1. Distance Between Vertices\1. Distance Between Vertices.csproj", "{F1F94D07-6715-4AAD-9F82-0160E77F6702}"
EndProject
Project("{FAE04EC0-301F-11D3-BF4B-00C04F79EFBC}") = "2. Areas in Matrix", "2. Areas in Matrix\2. Areas in Matrix.csproj", "{84C95893-BE53-4B03-809B-3C684601AACB}"
EndProject
Project("{FAE04EC0-301F-11D3-BF4B-00C04F79EFBC}") = "3. Cycles in a Graph", "3. Cycles in a Graph\3. Cycles in a Graph.csproj", "{3746CD9C-FDBF-4EB8-8455-682EE4D46981}"
EndProject
Project("{FAE04EC0-301F-11D3-BF4B-00C04F79EFBC}") = "4. Salaries", "4. Salaries\4. Salaries.csproj", "{101086C8-DE24-432D-847D-88A44454542C}"
EndProject
Project("{FAE04EC0-301F-11D3-BF4B-00C04F79EFBC}") = "5. Break Cycles", "5. Break Cycles\5. Break Cycles.csproj", "{D46EA451-B060-446A-8048-72AC95D1055D}"
EndProject
Project("{FAE04EC0-301F-11D3-BF4B-00C04F79EFBC}") = "6. Road Reconstruction", "6. Road Reconstruction\6. Road Reconstruction.csproj", "{76C877EE-CE91-4A75-9593-7DAE3260B29C}"
EndProject
Global
	GlobalSection(SolutionConfigurationPlatforms) = preSolution
		Debug|Any CPU = Debug|Any CPU
		Release|Any CPU = Release|Any CPU
	EndGlobalSection
	GlobalSection(ProjectConfigurationPlatforms) = postSolution
		{7A1AB35F-FA4E-42FA-8868-706BA595C0A3}.Debug|Any CPU.ActiveCfg = Debug|Any CPU
		{7A1AB35F-FA4E-42FA-8868-706BA595C0A3}.Debug|Any CPU.Build.0 = Debug|Any CPU
		{7A1AB35F-FA4E-42FA-8868-706BA595C0A3}.Release|Any CPU.ActiveCfg = Release|Any CPU
		{7A1AB35F-FA4E-42FA-8868-706BA595C0A3}.Release|Any CPU.Build.0 = Release|Any CPU
		{6A8FDD24-0DFF-441E-8E84-4D2FBFAF08CA}.Debug|Any CPU.ActiveCfg = Debug|Any CPU
		{6A8FDD24-0DFF-441E-8E84-4D2FBFAF08CA}.Debug|Any CPU.Build.0 = Debug|Any CPU
		{6A8FDD24-0DFF-441E-8E84-4D2FBFAF08CA}.Release|Any CPU.ActiveCfg = Release|Any CPU
		{6A8FDD24-0DFF-441E-8E84-4D2FBFAF08CA}.Release|Any CPU.Build.0 = Release|Any CPU
		{25C49E39-0522-4B95-A765-1FE3A92ACB97}.Debug|Any CPU.ActiveCfg = Debug|Any CPU
		{25C49E39-0522-4B95-A765-1FE3A92ACB97}.Debug|Any CPU.Build.0 = Debug|Any CPU
		{25C49E39-0522-4B95-A765-1FE3A92ACB97}.Release|Any CPU.ActiveCfg = Release|Any CPU
		{25C49E39-0522-4B95-A765-1FE3A92ACB97}.Release|Any CPU.Build.0 = Release|Any CPU
		{37A3A646-CCCD-4610-B788-2657CCCA17ED}.Debug|Any CPU.ActiveCfg = Debug|Any CPU
		{37A3A646-CCCD-4610-B788-2657CCCA17ED}.Debug|Any CPU.Build.0 = Debug|Any CPU
		{37A3A646-CCCD-4610-B788-2657CCCA17ED}.Release|Any CPU.ActiveCfg = Release|Any CPU
		{37A3A646-CCCD-4610-B788-2657CCCA17ED}.Release|Any CPU.Build.0 = Release|Any CPU
		{F6CE06D1-E5EF-422D-818B-F75DF1349E4D}.Debug|Any CPU.ActiveCfg = Debug|Any CPU
		{F6CE06D1-E5EF-422D-818B-F75DF1349E4D}.Debug|Any CPU.Build.0 = Debug|Any CPU
		{F6CE06D1-E5EF-422D-818B-F75DF1349E4D}.Release|Any CPU.ActiveCfg = Release|Any CPU
		{F6CE06D1-E5EF-422D-818B-F75DF1349E4D}.Release|Any CPU.Build.0 = Release|Any CPU
		{BDBB3337-9678-47E0-B690-6E5C3E0D33DD}.Debug|Any CPU.ActiveCfg = Debug|Any CPU
		{BDBB3337-9678-47E0-B690-6E5C3E0D33DD}.Debug|Any CPU.Build.0 = Debug|Any CPU
		{BDBB3337-9678-47E0-B690-6E5C3E0D33DD}.Release|Any CPU.ActiveCfg = Release|Any CPU
		{BDBB3337-9678-47E0-B690-6E5C3E0D33DD}.Release|Any CPU.Build.0 = Release|Any CPU
		{71C767CE-DEA9-43C1-8107-FD6428F3827B}.Debug|Any CPU.ActiveCfg = Debug|Any CPU
		{71C767CE-DEA9-43C1-8107-FD6428F3827B}.Debug|Any CPU.Build.0 = Debug|Any CPU
		{71C767CE-DEA9-43C1-8107-FD6428F3827B}.Release|Any CPU.ActiveCfg = Release|Any CPU
		{71C767CE-DEA9-43C1-8107-FD6428F3827B}.Release|Any CPU.Build.0 = Release|Any CPU
		{B909645B-F13C-4367-8AD0-3D132758A9EB}.Debug|Any CPU.ActiveCfg = Debug|Any CPU
		{B909645B-F13C-4367-8AD0-3D132758A9EB}.Debug|Any CPU.Build.0 = Debug|Any CPU
		{B909645B-F13C-4367-8AD0-3D132758A9EB}.Release|Any CPU.ActiveCfg = Release|Any CPU
		{B909645B-F13C-4367-8AD0-3D132758A9EB}.Release|Any CPU.Build.0 = Release|Any CPU
		{38E85A4D-7958-4159-9826-F2A9C1800809}.Debug|Any CPU.ActiveCfg = Debug|Any CPU
		{38E85A4D-7958-4159-9826-F2A9C1800809}.Debug|Any CPU.Build.0 = Debug|Any CPU
		{38E85A4D-7958-4159-9826-F2A9C1800809}.Release|Any CPU.ActiveCfg = Release|Any CPU
		{38E85A4D-7958-4159-9826-F2A9C1800809}.Release|Any CPU.Build.0 = Release|Any CPU
		{6D43716F-1733-491C-8537-2E07F9AF3E64}.Debug|Any CPU.ActiveCfg = Debug|Any CPU
		{6D43716F-1733-491C-8537-2E07F9AF3E64}.Debug|Any CPU.Build.0 = Debug|Any CPU
		{6D43716F-1733-491C-8537-2E07F9AF3E64}.Release|Any CPU.ActiveCfg = Release|Any CPU
		{6D43716F-1733-491C-8537-2E07F9AF3E64}.Release|Any CPU.Build.0 = Release|Any CPU
		{FA66889C-4598-49E8-8005-99505EE1DB5E}.Debug|Any CPU.ActiveCfg = Debug|Any CPU
		{FA66889C-4598-49E8-8005-99505EE1DB5E}.Debug|Any CPU.Build.0 = Debug|Any CPU
		{FA66889C-4598-49E8-8005-99505EE1DB5E}.Release|Any CPU.ActiveCfg = Release|Any CPU
		{FA66889C-4598-49E8-8005-99505EE1DB5E}.Release|Any CPU.Build.0 = Release|Any CPU
		{DE68C01F-979C-4695-BD9D-A3BA6E5BBE91}.Debug|Any CPU.ActiveCfg = Debug|Any CPU
		{DE68C01F-979C-4695-BD9D-A3BA6E5BBE91}.Debug|Any CPU.Build.0 = Debug|Any CPU
		{DE68C01F-979C-4695-BD9D-A3BA6E5BBE91}.Release|Any CPU.ActiveCfg = Release|Any CPU
		{DE68C01F-979C-4695-BD9D-A3BA6E5BBE91}.Release|Any CPU.Build.0 = Release|Any CPU
		{251539E2-DC0E-4F4C-B504-A82DC381CC17}.Debug|Any CPU.ActiveCfg = Debug|Any CPU
		{251539E2-DC0E-4F4C-B504-A82DC381CC17}.Debug|Any CPU.Build.0 = Debug|Any CPU
		{251539E2-DC0E-4F4C-B504-A82DC381CC17}.Release|Any CPU.ActiveCfg = Release|Any CPU
		{251539E2-DC0E-4F4C-B504-A82DC381CC17}.Release|Any CPU.Build.0 = Release|Any CPU
		{1DBDA00A-EEC9-44BF-BCD1-E9267E58BE1F}.Debug|Any CPU.ActiveCfg = Debug|Any CPU
		{1DBDA00A-EEC9-44BF-BCD1-E9267E58BE1F}.Debug|Any CPU.Build.0 = Debug|Any CPU
		{1DBDA00A-EEC9-44BF-BCD1-E9267E58BE1F}.Release|Any CPU.ActiveCfg = Release|Any CPU
		{1DBDA00A-EEC9-44BF-BCD1-E9267E58BE1F}.Release|Any CPU.Build.0 = Release|Any CPU
		{25012DB1-8960-47E4-A6B4-6F9708A50641}.Debug|Any CPU.ActiveCfg = Debug|Any CPU
		{25012DB1-8960-47E4-A6B4-6F9708A50641}.Debug|Any CPU.Build.0 = Debug|Any CPU
		{25012DB1-8960-47E4-A6B4-6F9708A50641}.Release|Any CPU.ActiveCfg = Release|Any CPU
		{25012DB1-8960-47E4-A6B4-6F9708A50641}.Release|Any CPU.Build.0 = Release|Any CPU
		{98F117C9-D208-4409-9C1B-A394C28BCBCB}.Debug|Any CPU.ActiveCfg = Debug|Any CPU
		{98F117C9-D208-4409-9C1B-A394C28BCBCB}.Debug|Any CPU.Build.0 = Debug|Any CPU
		{98F117C9-D208-4409-9C1B-A394C28BCBCB}.Release|Any CPU.ActiveCfg = Release|Any CPU
		{98F117C9-D208-4409-9C1B-A394C28BCBCB}.Release|Any CPU.Build.0 = Release|Any CPU
		{F2A62BA7-66D2-4E55-9A87-8B2E5C12E53C}.Debug|Any CPU.ActiveCfg = Debug|Any CPU
		{F2A62BA7-66D2-4E55-9A87-8B2E5C12E53C}.Debug|Any CPU.Build.0 = Debug|Any CPU
		{F2A62BA7-66D2-4E55-9A87-8B2E5C12E53C}.Release|Any CPU.ActiveCfg = Release|Any CPU
		{F2A62BA7-66D2-4E55-9A87-8B2E5C12E53C}.Release|Any CPU.Build.0 = Release|Any CPU
		{D2088409-1A1C-4C0E-A3E6-546DE89FB398}.Debug|Any CPU.ActiveCfg = Debug|Any CPU
		{D2088409-1A1C-4C0E-A3E6-546DE89FB398}.Debug|Any CPU.Build.0 = Debug|Any CPU
		{D2088409-1A1C-4C0E-A3E6-546DE89FB398}.Release|Any CPU.ActiveCfg = Release|Any CPU
		{D2088409-1A1C-4C0E-A3E6-546DE89FB398}.Release|Any CPU.Build.0 = Release|Any CPU
		{4E56796A-8585-4520-B662-463442D81A56}.Debug|Any CPU.ActiveCfg = Debug|Any CPU
		{4E56796A-8585-4520-B662-463442D81A56}.Debug|Any CPU.Build.0 = Debug|Any CPU
		{4E56796A-8585-4520-B662-463442D81A56}.Release|Any CPU.ActiveCfg = Release|Any CPU
		{4E56796A-8585-4520-B662-463442D81A56}.Release|Any CPU.Build.0 = Release|Any CPU
		{0E1B93B0-E44B-46B0-866A-AC59B1AEB0ED}.Debug|Any CPU.ActiveCfg = Debug|Any CPU
		{0E1B93B0-E44B-46B0-866A-AC59B1AEB0ED}.Debug|Any CPU.Build.0 = Debug|Any CPU
		{0E1B93B0-E44B-46B0-866A-AC59B1AEB0ED}.Release|Any CPU.ActiveCfg = Release|Any CPU
		{0E1B93B0-E44B-46B0-866A-AC59B1AEB0ED}.Release|Any CPU.Build.0 = Release|Any CPU
		{C70B6557-8756-46BD-BEBB-D72809465398}.Debug|Any CPU.ActiveCfg = Debug|Any CPU
		{C70B6557-8756-46BD-BEBB-D72809465398}.Debug|Any CPU.Build.0 = Debug|Any CPU
		{C70B6557-8756-46BD-BEBB-D72809465398}.Release|Any CPU.ActiveCfg = Release|Any CPU
		{C70B6557-8756-46BD-BEBB-D72809465398}.Release|Any CPU.Build.0 = Release|Any CPU
		{4A1BB8DC-65DA-4862-BD4E-CD9A90A6884B}.Debug|Any CPU.ActiveCfg = Debug|Any CPU
		{4A1BB8DC-65DA-4862-BD4E-CD9A90A6884B}.Debug|Any CPU.Build.0 = Debug|Any CPU
		{4A1BB8DC-65DA-4862-BD4E-CD9A90A6884B}.Release|Any CPU.ActiveCfg = Release|Any CPU
		{4A1BB8DC-65DA-4862-BD4E-CD9A90A6884B}.Release|Any CPU.Build.0 = Release|Any CPU
		{E68A4B71-9B0B-4663-A918-1E7262C9E86E}.Debug|Any CPU.ActiveCfg = Debug|Any CPU
		{E68A4B71-9B0B-4663-A918-1E7262C9E86E}.Debug|Any CPU.Build.0 = Debug|Any CPU
		{E68A4B71-9B0B-4663-A918-1E7262C9E86E}.Release|Any CPU.ActiveCfg = Release|Any CPU
		{E68A4B71-9B0B-4663-A918-1E7262C9E86E}.Release|Any CPU.Build.0 = Release|Any CPU
		{9C55FF4E-2C79-41EA-A8BF-659702F04C53}.Debug|Any CPU.ActiveCfg = Debug|Any CPU
		{9C55FF4E-2C79-41EA-A8BF-659702F04C53}.Debug|Any CPU.Build.0 = Debug|Any CPU
		{9C55FF4E-2C79-41EA-A8BF-659702F04C53}.Release|Any CPU.ActiveCfg = Release|Any CPU
		{9C55FF4E-2C79-41EA-A8BF-659702F04C53}.Release|Any CPU.Build.0 = Release|Any CPU
		{F1F94D07-6715-4AAD-9F82-0160E77F6702}.Debug|Any CPU.ActiveCfg = Debug|Any CPU
		{F1F94D07-6715-4AAD-9F82-0160E77F6702}.Debug|Any CPU.Build.0 = Debug|Any CPU
		{F1F94D07-6715-4AAD-9F82-0160E77F6702}.Release|Any CPU.ActiveCfg = Release|Any CPU
		{F1F94D07-6715-4AAD-9F82-0160E77F6702}.Release|Any CPU.Build.0 = Release|Any CPU
		{84C95893-BE53-4B03-809B-3C684601AACB}.Debug|Any CPU.ActiveCfg = Debug|Any CPU
		{84C95893-BE53-4B03-809B-3C684601AACB}.Debug|Any CPU.Build.0 = Debug|Any CPU
		{84C95893-BE53-4B03-809B-3C684601AACB}.Release|Any CPU.ActiveCfg = Release|Any CPU
		{84C95893-BE53-4B03-809B-3C684601AACB}.Release|Any CPU.Build.0 = Release|Any CPU
		{3746CD9C-FDBF-4EB8-8455-682EE4D46981}.Debug|Any CPU.ActiveCfg = Debug|Any CPU
		{3746CD9C-FDBF-4EB8-8455-682EE4D46981}.Debug|Any CPU.Build.0 = Debug|Any CPU
		{3746CD9C-FDBF-4EB8-8455-682EE4D46981}.Release|Any CPU.ActiveCfg = Release|Any CPU
		{3746CD9C-FDBF-4EB8-8455-682EE4D46981}.Release|Any CPU.Build.0 = Release|Any CPU
		{101086C8-DE24-432D-847D-88A44454542C}.Debug|Any CPU.ActiveCfg = Debug|Any CPU
		{101086C8-DE24-432D-847D-88A44454542C}.Debug|Any CPU.Build.0 = Debug|Any CPU
		{101086C8-DE24-432D-847D-88A44454542C}.Release|Any CPU.ActiveCfg = Release|Any CPU
		{101086C8-DE24-432D-847D-88A44454542C}.Release|Any CPU.Build.0 = Release|Any CPU
		{D46EA451-B060-446A-8048-72AC95D1055D}.Debug|Any CPU.ActiveCfg = Debug|Any CPU
		{D46EA451-B060-446A-8048-72AC95D1055D}.Debug|Any CPU.Build.0 = Debug|Any CPU
		{D46EA451-B060-446A-8048-72AC95D1055D}.Release|Any CPU.ActiveCfg = Release|Any CPU
		{D46EA451-B060-446A-8048-72AC95D1055D}.Release|Any CPU.Build.0 = Release|Any CPU
		{76C877EE-CE91-4A75-9593-7DAE3260B29C}.Debug|Any CPU.ActiveCfg = Debug|Any CPU
		{76C877EE-CE91-4A75-9593-7DAE3260B29C}.Debug|Any CPU.Build.0 = Debug|Any CPU
		{76C877EE-CE91-4A75-9593-7DAE3260B29C}.Release|Any CPU.ActiveCfg = Release|Any CPU
		{76C877EE-CE91-4A75-9593-7DAE3260B29C}.Release|Any CPU.Build.0 = Release|Any CPU
	EndGlobalSection
	GlobalSection(SolutionProperties) = preSolution
		HideSolutionNode = FALSE
	EndGlobalSection
	GlobalSection(NestedProjects) = preSolution
		{7A1AB35F-FA4E-42FA-8868-706BA595C0A3} = {B0875DA4-AB6D-4BF6-B8A6-6D0C821CE458}
		{6A8FDD24-0DFF-441E-8E84-4D2FBFAF08CA} = {B0875DA4-AB6D-4BF6-B8A6-6D0C821CE458}
		{25C49E39-0522-4B95-A765-1FE3A92ACB97} = {B0875DA4-AB6D-4BF6-B8A6-6D0C821CE458}
		{37A3A646-CCCD-4610-B788-2657CCCA17ED} = {B0875DA4-AB6D-4BF6-B8A6-6D0C821CE458}
		{F6CE06D1-E5EF-422D-818B-F75DF1349E4D} = {B0875DA4-AB6D-4BF6-B8A6-6D0C821CE458}
		{BDBB3337-9678-47E0-B690-6E5C3E0D33DD} = {B0875DA4-AB6D-4BF6-B8A6-6D0C821CE458}
		{71C767CE-DEA9-43C1-8107-FD6428F3827B} = {B0875DA4-AB6D-4BF6-B8A6-6D0C821CE458}
		{B909645B-F13C-4367-8AD0-3D132758A9EB} = {122F1FD9-BB77-4256-A832-915C86CFEA09}
		{38E85A4D-7958-4159-9826-F2A9C1800809} = {122F1FD9-BB77-4256-A832-915C86CFEA09}
		{6D43716F-1733-491C-8537-2E07F9AF3E64} = {122F1FD9-BB77-4256-A832-915C86CFEA09}
		{FA66889C-4598-49E8-8005-99505EE1DB5E} = {122F1FD9-BB77-4256-A832-915C86CFEA09}
		{DE68C01F-979C-4695-BD9D-A3BA6E5BBE91} = {122F1FD9-BB77-4256-A832-915C86CFEA09}
		{251539E2-DC0E-4F4C-B504-A82DC381CC17} = {122F1FD9-BB77-4256-A832-915C86CFEA09}
		{1DBDA00A-EEC9-44BF-BCD1-E9267E58BE1F} = {122F1FD9-BB77-4256-A832-915C86CFEA09}
		{25012DB1-8960-47E4-A6B4-6F9708A50641} = {3EE5C9C6-A5E0-4556-8BCB-C2CACB3EE063}
		{98F117C9-D208-4409-9C1B-A394C28BCBCB} = {3EE5C9C6-A5E0-4556-8BCB-C2CACB3EE063}
		{F2A62BA7-66D2-4E55-9A87-8B2E5C12E53C} = {3EE5C9C6-A5E0-4556-8BCB-C2CACB3EE063}
		{D2088409-1A1C-4C0E-A3E6-546DE89FB398} = {3EE5C9C6-A5E0-4556-8BCB-C2CACB3EE063}
		{4E56796A-8585-4520-B662-463442D81A56} = {3EE5C9C6-A5E0-4556-8BCB-C2CACB3EE063}
		{0E1B93B0-E44B-46B0-866A-AC59B1AEB0ED} = {3EE5C9C6-A5E0-4556-8BCB-C2CACB3EE063}
		{C70B6557-8756-46BD-BEBB-D72809465398} = {3EE5C9C6-A5E0-4556-8BCB-C2CACB3EE063}
		{4A1BB8DC-65DA-4862-BD4E-CD9A90A6884B} = {3EE5C9C6-A5E0-4556-8BCB-C2CACB3EE063}
		{E68A4B71-9B0B-4663-A918-1E7262C9E86E} = {3EE5C9C6-A5E0-4556-8BCB-C2CACB3EE063}
		{9C55FF4E-2C79-41EA-A8BF-659702F04C53} = {3EE5C9C6-A5E0-4556-8BCB-C2CACB3EE063}
		{F1F94D07-6715-4AAD-9F82-0160E77F6702} = {14553551-1085-4A02-8421-F54F01E9D143}
		{84C95893-BE53-4B03-809B-3C684601AACB} = {14553551-1085-4A02-8421-F54F01E9D143}
		{3746CD9C-FDBF-4EB8-8455-682EE4D46981} = {14553551-1085-4A02-8421-F54F01E9D143}
		{101086C8-DE24-432D-847D-88A44454542C} = {14553551-1085-4A02-8421-F54F01E9D143}
		{D46EA451-B060-446A-8048-72AC95D1055D} = {14553551-1085-4A02-8421-F54F01E9D143}
		{76C877EE-CE91-4A75-9593-7DAE3260B29C} = {14553551-1085-4A02-8421-F54F01E9D143}
	EndGlobalSection
	GlobalSection(ExtensibilityGlobals) = postSolution
		SolutionGuid = {4F92031A-FB30-49C5-A992-D1049AD04713}
	EndGlobalSection
EndGlobal
