
Microsoft Visual Studio Solution File, Format Version 12.00
# Visual Studio Version 16
VisualStudioVersion = 16.0.32510.428
MinimumVisualStudioVersion = 10.0.40219.1
Project("{FAE04EC0-301F-11D3-BF4B-00C04F79EFBC}") = "1. Recursive Array Sum", "1. Recursive Array Sum\1. Recursive Array Sum.csproj", "{7A1AB35F-FA4E-42FA-8868-706BA595C0A3}"
EndProject
Project("{FAE04EC0-301F-11D3-BF4B-00C04F79EFBC}") = "2. Recursive Drawing", "2. Recursive Drawing\2. Recursive Drawing.csproj", "{6A8FDD24-0DFF-441E-8E84-4D2FBFAF08CA}"
EndProject
Project("{FAE04EC0-301F-11D3-BF4B-00C04F79EFBC}") = "3. Generating bit Vectors", "3. Generating bit Vectors\3. Generating bit Vectors.csproj", "{25C49E39-0522-4B95-A765-1FE3A92ACB97}"
EndProject
Project("{FAE04EC0-301F-11D3-BF4B-00C04F79EFBC}") = "4. Recursive Factorial", "4. Recursive Factorial\4. Recursive Factorial.csproj", "{37A3A646-CCCD-4610-B788-2657CCCA17ED}"
EndProject
Project("{FAE04EC0-301F-11D3-BF4B-00C04F79EFBC}") = "5. Find All Paths in a Labyrinth", "5. Find All Paths in a Labyrinth\5. Find All Paths in a Labyrinth.csproj", "{F6CE06D1-E5EF-422D-818B-F75DF1349E4D}"
EndProject
Project("{FAE04EC0-301F-11D3-BF4B-00C04F79EFBC}") = "6.  Queens Puzzle", "6.  Queens Puzzle\6.  Queens Puzzle.csproj", "{BDBB3337-9678-47E0-B690-6E5C3E0D33DD}"
EndProject
Global
	GlobalSection(SolutionConfigurationPlatforms) = preSolution
		Debug|Any CPU = Debug|Any CPU
		Release|Any CPU = Release|Any CPU
	EndGlobalSection
	GlobalSection(ProjectConfigurationPlatforms) = postSolution
		{7A1AB35F-FA4E-42FA-8868-706BA595C0A3}.Debug|Any CPU.ActiveCfg = Debug|Any CPU
		{7A1AB35F-FA4E-42FA-8868-706BA595C0A3}.Debug|Any CPU.Build.0 = Debug|Any CPU
		{7A1AB35F-FA4E-42FA-8868-706BA595C0A3}.Release|Any CPU.ActiveCfg = Release|Any CPU
		{7A1AB35F-FA4E-42FA-8868-706BA595C0A3}.Release|Any CPU.Build.0 = Release|Any CPU
		{6A8FDD24-0DFF-441E-8E84-4D2FBFAF08CA}.Debug|Any CPU.ActiveCfg = Debug|Any CPU
		{6A8FDD24-0DFF-441E-8E84-4D2FBFAF08CA}.Debug|Any CPU.Build.0 = Debug|Any CPU
		{6A8FDD24-0DFF-441E-8E84-4D2FBFAF08CA}.Release|Any CPU.ActiveCfg = Release|Any CPU
		{6A8FDD24-0DFF-441E-8E84-4D2FBFAF08CA}.Release|Any CPU.Build.0 = Release|Any CPU
		{25C49E39-0522-4B95-A765-1FE3A92ACB97}.Debug|Any CPU.ActiveCfg = Debug|Any CPU
		{25C49E39-0522-4B95-A765-1FE3A92ACB97}.Debug|Any CPU.Build.0 = Debug|Any CPU
		{25C49E39-0522-4B95-A765-1FE3A92ACB97}.Release|Any CPU.ActiveCfg = Release|Any CPU
		{25C49E39-0522-4B95-A765-1FE3A92ACB97}.Release|Any CPU.Build.0 = Release|Any CPU
		{37A3A646-CCCD-4610-B788-2657CCCA17ED}.Debug|Any CPU.ActiveCfg = Debug|Any CPU
		{37A3A646-CCCD-4610-B788-2657CCCA17ED}.Debug|Any CPU.Build.0 = Debug|Any CPU
		{37A3A646-CCCD-4610-B788-2657CCCA17ED}.Release|Any CPU.ActiveCfg = Release|Any CPU
		{37A3A646-CCCD-4610-B788-2657CCCA17ED}.Release|Any CPU.Build.0 = Release|Any CPU
		{F6CE06D1-E5EF-422D-818B-F75DF1349E4D}.Debug|Any CPU.ActiveCfg = Debug|Any CPU
		{F6CE06D1-E5EF-422D-818B-F75DF1349E4D}.Debug|Any CPU.Build.0 = Debug|Any CPU
		{F6CE06D1-E5EF-422D-818B-F75DF1349E4D}.Release|Any CPU.ActiveCfg = Release|Any CPU
		{F6CE06D1-E5EF-422D-818B-F75DF1349E4D}.Release|Any CPU.Build.0 = Release|Any CPU
		{BDBB3337-9678-47E0-B690-6E5C3E0D33DD}.Debug|Any CPU.ActiveCfg = Debug|Any CPU
		{BDBB3337-9678-47E0-B690-6E5C3E0D33DD}.Debug|Any CPU.Build.0 = Debug|Any CPU
		{BDBB3337-9678-47E0-B690-6E5C3E0D33DD}.Release|Any CPU.ActiveCfg = Release|Any CPU
		{BDBB3337-9678-47E0-B690-6E5C3E0D33DD}.Release|Any CPU.Build.0 = Release|Any CPU
	EndGlobalSection
	GlobalSection(SolutionProperties) = preSolution
		HideSolutionNode = FALSE
	EndGlobalSection
	GlobalSection(ExtensibilityGlobals) = postSolution
		SolutionGuid = {4F92031A-FB30-49C5-A992-D1049AD04713}
	EndGlobalSection
EndGlobal
